Microsoft Visual Studio Solution File, Format Version 12.00
# Visual Studio Version 17
VisualStudioVersion = 17.8.34408.163
MinimumVisualStudioVersion = 10.0.40219.1
Project("{9A19103F-16F7-4668-BE54-9A1E7A4F7556}") = "Vindicator", "Vindicator\Vindicator.csproj", "{6FF421AA-9162-498A-9057-3B533990739F}"
EndProject
Project("{9A19103F-16F7-4668-BE54-9A1E7A4F7556}") = "Vindicator.Service", "Vindicator.Service\Vindicator.Service.csproj", "{194B0C0C-16D9-4555-B9C0-B433C28CE018}"
EndProject
Project("{2150E333-8FDC-42A3-9474-1A3956D46DE8}") = "References", "References", "{3A6C4527-AA5D-4AC1-9F89-139A4EE26981}"
EndProject
Project("{9A19103F-16F7-4668-BE54-9A1E7A4F7556}") = "Algolib.Shared", "..\..\Shared\Algolib\Algolib.Shared\Algolib.Shared.csproj", "{334EF627-E17A-4D0D-BD21-4AEA51D3D71E}"
EndProject
Global
	GlobalSection(SolutionConfigurationPlatforms) = preSolution
		Debug|Any CPU = Debug|Any CPU
		Release|Any CPU = Release|Any CPU
	EndGlobalSection
	GlobalSection(ProjectConfigurationPlatforms) = postSolution
		{6FF421AA-9162-498A-9057-3B533990739F}.Debug|Any CPU.ActiveCfg = Debug|Any CPU
		{6FF421AA-9162-498A-9057-3B533990739F}.Debug|Any CPU.Build.0 = Debug|Any CPU
		{6FF421AA-9162-498A-9057-3B533990739F}.Release|Any CPU.ActiveCfg = Release|Any CPU
		{6FF421AA-9162-498A-9057-3B533990739F}.Release|Any CPU.Build.0 = Release|Any CPU
		{194B0C0C-16D9-4555-B9C0-B433C28CE018}.Debug|Any CPU.ActiveCfg = Debug|Any CPU
		{194B0C0C-16D9-4555-B9C0-B433C28CE018}.Debug|Any CPU.Build.0 = Debug|Any CPU
		{194B0C0C-16D9-4555-B9C0-B433C28CE018}.Release|Any CPU.ActiveCfg = Release|Any CPU
		{194B0C0C-16D9-4555-B9C0-B433C28CE018}.Release|Any CPU.Build.0 = Release|Any CPU
		{334EF627-E17A-4D0D-BD21-4AEA51D3D71E}.Debug|Any CPU.ActiveCfg = Debug|Any CPU
		{334EF627-E17A-4D0D-BD21-4AEA51D3D71E}.Debug|Any CPU.Build.0 = Debug|Any CPU
		{334EF627-E17A-4D0D-BD21-4AEA51D3D71E}.Release|Any CPU.ActiveCfg = Release|Any CPU
		{334EF627-E17A-4D0D-BD21-4AEA51D3D71E}.Release|Any CPU.Build.0 = Release|Any CPU
	EndGlobalSection
	GlobalSection(SolutionProperties) = preSolution
		HideSolutionNode = FALSE
	EndGlobalSection
	GlobalSection(NestedProjects) = preSolution
		{334EF627-E17A-4D0D-BD21-4AEA51D3D71E} = {3A6C4527-AA5D-4AC1-9F89-139A4EE26981}
	EndGlobalSection
	GlobalSection(ExtensibilityGlobals) = postSolution
		SolutionGuid = {816F6B14-DB67-4318-87E6-E990501069F1}
	EndGlobalSection
EndGlobal
